
Microsoft Visual Studio Solution File, Format Version 12.00
# Visual Studio Version 16
VisualStudioVersion = 16.0.30611.23
MinimumVisualStudioVersion = 10.0.40219.1
Project("{FAE04EC0-301F-11D3-BF4B-00C04F79EFBC}") = "Clutch", "Clutch\Clutch.csproj", "{095CB463-0618-48FE-A20B-9E0202180E75}"
EndProject
Global
	GlobalSection(SolutionConfigurationPlatforms) = preSolution
		Debug|Any CPU = Debug|Any CPU
		Release|Any CPU = Release|Any CPU
	EndGlobalSection
	GlobalSection(ProjectConfigurationPlatforms) = postSolution
		{095CB463-0618-48FE-A20B-9E0202180E75}.Debug|Any CPU.ActiveCfg = Debug|Any CPU
		{095CB463-0618-48FE-A20B-9E0202180E75}.Debug|Any CPU.Build.0 = Debug|Any CPU
		{095CB463-0618-48FE-A20B-9E0202180E75}.Release|Any CPU.ActiveCfg = Release|Any CPU
		{095CB463-0618-48FE-A20B-9E0202180E75}.Release|Any CPU.Build.0 = Release|Any CPU
	EndGlobalSection
	GlobalSection(SolutionProperties) = preSolution
		HideSolutionNode = FALSE
	EndGlobalSection
	GlobalSection(ExtensibilityGlobals) = postSolution
		SolutionGuid = {D6ABF9CE-6F1E-467B-8657-56B1424562AB}
	EndGlobalSection
EndGlobal
